Microsoft Visual Studio Solution File, Format Version 11.00
# Visual Studio 2008

Project("{7A4A0550-85DB-237C-9042-58372E5D2465}") = "npc7副本", "Assembly-CSharp-firstpass.csproj", "{04E4A0B2-CD5D-F105-0BCA-04FC859D4EBA}"
EndProject
Project("{7A4A0550-85DB-237C-9042-58372E5D2465}") = "npc7副本", "Assembly-CSharp.csproj", "{A8F586CF-1FAB-E6F1-9D03-9A611CDDE82C}"
EndProject
Project("{7A4A0550-85DB-237C-9042-58372E5D2465}") = "npc7副本", "Assembly-CSharp-Editor.csproj", "{EBAB2614-7A1D-ADEE-ACAA-6BF31B3DBD7D}"
EndProject
Project("{7A4A0550-85DB-237C-9042-58372E5D2465}") = "npc7副本", "Assembly-UnityScript.unityproj", "{339C1D9D-8AE6-3701-F708-374D9E4D75E5}"
EndProject
Project("{7A4A0550-85DB-237C-9042-58372E5D2465}") = "npc7副本", "Assembly-UnityScript-Editor.unityproj", "{9957BA35-74C0-A031-0FC4-9C6CC5AA533E}"
EndProject
Global
	GlobalSection(SolutionConfigurationPlatforms) = preSolution
		Debug|Any CPU = Debug|Any CPU
		Release|Any CPU = Release|Any CPU
	EndGlobalSection
	GlobalSection(ProjectConfigurationPlatforms) = postSolution
		{04E4A0B2-CD5D-F105-0BCA-04FC859D4EBA}.Debug|Any CPU.ActiveCfg = Debug|Any CPU
		{04E4A0B2-CD5D-F105-0BCA-04FC859D4EBA}.Debug|Any CPU.Build.0 = Debug|Any CPU
		{04E4A0B2-CD5D-F105-0BCA-04FC859D4EBA}.Release|Any CPU.ActiveCfg = Release|Any CPU
		{04E4A0B2-CD5D-F105-0BCA-04FC859D4EBA}.Release|Any CPU.Build.0 = Release|Any CPU
		{A8F586CF-1FAB-E6F1-9D03-9A611CDDE82C}.Debug|Any CPU.ActiveCfg = Debug|Any CPU
		{A8F586CF-1FAB-E6F1-9D03-9A611CDDE82C}.Debug|Any CPU.Build.0 = Debug|Any CPU
		{A8F586CF-1FAB-E6F1-9D03-9A611CDDE82C}.Release|Any CPU.ActiveCfg = Release|Any CPU
		{A8F586CF-1FAB-E6F1-9D03-9A611CDDE82C}.Release|Any CPU.Build.0 = Release|Any CPU
		{EBAB2614-7A1D-ADEE-ACAA-6BF31B3DBD7D}.Debug|Any CPU.ActiveCfg = Debug|Any CPU
		{EBAB2614-7A1D-ADEE-ACAA-6BF31B3DBD7D}.Debug|Any CPU.Build.0 = Debug|Any CPU
		{EBAB2614-7A1D-ADEE-ACAA-6BF31B3DBD7D}.Release|Any CPU.ActiveCfg = Release|Any CPU
		{EBAB2614-7A1D-ADEE-ACAA-6BF31B3DBD7D}.Release|Any CPU.Build.0 = Release|Any CPU
		{339C1D9D-8AE6-3701-F708-374D9E4D75E5}.Debug|Any CPU.ActiveCfg = Debug|Any CPU
		{339C1D9D-8AE6-3701-F708-374D9E4D75E5}.Debug|Any CPU.Build.0 = Debug|Any CPU
		{339C1D9D-8AE6-3701-F708-374D9E4D75E5}.Release|Any CPU.ActiveCfg = Release|Any CPU
		{339C1D9D-8AE6-3701-F708-374D9E4D75E5}.Release|Any CPU.Build.0 = Release|Any CPU
		{9957BA35-74C0-A031-0FC4-9C6CC5AA533E}.Debug|Any CPU.ActiveCfg = Debug|Any CPU
		{9957BA35-74C0-A031-0FC4-9C6CC5AA533E}.Debug|Any CPU.Build.0 = Debug|Any CPU
		{9957BA35-74C0-A031-0FC4-9C6CC5AA533E}.Release|Any CPU.ActiveCfg = Release|Any CPU
		{9957BA35-74C0-A031-0FC4-9C6CC5AA533E}.Release|Any CPU.Build.0 = Release|Any CPU
	EndGlobalSection
	GlobalSection(SolutionProperties) = preSolution
		HideSolutionNode = FALSE
	EndGlobalSection
				GlobalSection(MonoDevelopProperties) = preSolution
		StartupItem = Assembly-CSharp.csproj
		Policies = $0
		$0.TextStylePolicy = $1
		$1.inheritsSet = null
		$1.scope = text/x-csharp
		$0.CSharpFormattingPolicy = $2
		$2.inheritsSet = Mono
		$2.inheritsScope = text/x-csharp
		$2.scope = text/x-csharp
		$0.TextStylePolicy = $3
		$3.FileWidth = 120
		$3.TabWidth = 4
		$3.IndentWidth = 4
		$3.EolMarker = Unix
		$3.inheritsSet = Mono
		$3.inheritsScope = text/plain
		$3.scope = text/plain
	EndGlobalSection

EndGlobal
