Microsoft Visual Studio Solution File, Format Version 11.00
# Visual Studio 2008

Project("{63CA833B-5DAC-BDCF-FEF2-3426A9E265D6}") = "npc7副本-2", "Assembly-CSharp-firstpass.csproj", "{B4DEDF6C-7560-9DD9-1DE9-4F87D85AA7A7}"
EndProject
Project("{63CA833B-5DAC-BDCF-FEF2-3426A9E265D6}") = "npc7副本-2", "Assembly-CSharp.csproj", "{267502EE-2290-6CA7-D94B-B6EB048EA1AB}"
EndProject
Project("{63CA833B-5DAC-BDCF-FEF2-3426A9E265D6}") = "npc7副本-2", "Assembly-CSharp-Editor.csproj", "{573923AD-8BE1-B72E-E244-5049DA975A57}"
EndProject
Global
	GlobalSection(SolutionConfigurationPlatforms) = preSolution
		Debug|Any CPU = Debug|Any CPU
		Release|Any CPU = Release|Any CPU
	EndGlobalSection
	GlobalSection(ProjectConfigurationPlatforms) = postSolution
		{B4DEDF6C-7560-9DD9-1DE9-4F87D85AA7A7}.Debug|Any CPU.ActiveCfg = Debug|Any CPU
		{B4DEDF6C-7560-9DD9-1DE9-4F87D85AA7A7}.Debug|Any CPU.Build.0 = Debug|Any CPU
		{B4DEDF6C-7560-9DD9-1DE9-4F87D85AA7A7}.Release|Any CPU.ActiveCfg = Release|Any CPU
		{B4DEDF6C-7560-9DD9-1DE9-4F87D85AA7A7}.Release|Any CPU.Build.0 = Release|Any CPU
		{267502EE-2290-6CA7-D94B-B6EB048EA1AB}.Debug|Any CPU.ActiveCfg = Debug|Any CPU
		{267502EE-2290-6CA7-D94B-B6EB048EA1AB}.Debug|Any CPU.Build.0 = Debug|Any CPU
		{267502EE-2290-6CA7-D94B-B6EB048EA1AB}.Release|Any CPU.ActiveCfg = Release|Any CPU
		{267502EE-2290-6CA7-D94B-B6EB048EA1AB}.Release|Any CPU.Build.0 = Release|Any CPU
		{573923AD-8BE1-B72E-E244-5049DA975A57}.Debug|Any CPU.ActiveCfg = Debug|Any CPU
		{573923AD-8BE1-B72E-E244-5049DA975A57}.Debug|Any CPU.Build.0 = Debug|Any CPU
		{573923AD-8BE1-B72E-E244-5049DA975A57}.Release|Any CPU.ActiveCfg = Release|Any CPU
		{573923AD-8BE1-B72E-E244-5049DA975A57}.Release|Any CPU.Build.0 = Release|Any CPU
	EndGlobalSection
	GlobalSection(SolutionProperties) = preSolution
		HideSolutionNode = FALSE
	EndGlobalSection
																																		GlobalSection(MonoDevelopProperties) = preSolution
		StartupItem = Assembly-CSharp.csproj
		Policies = $0
		$0.TextStylePolicy = $1
		$1.inheritsSet = null
		$1.scope = text/x-csharp
		$0.CSharpFormattingPolicy = $2
		$2.inheritsSet = Mono
		$2.inheritsScope = text/x-csharp
		$2.scope = text/x-csharp
		$0.TextStylePolicy = $3
		$3.FileWidth = 120
		$3.TabWidth = 4
		$3.IndentWidth = 4
		$3.EolMarker = Unix
		$3.inheritsSet = Mono
		$3.inheritsScope = text/plain
		$3.scope = text/plain
	EndGlobalSection

EndGlobal
